
Microsoft Visual Studio Solution File, Format Version 12.00
# Visual Studio 2013
VisualStudioVersion = 12.0.30501.0
MinimumVisualStudioVersion = 10.0.40219.1
Project("{888888A0-9F3D-457C-B088-3A5042F75D52}") = "linear_regression", "..\2_supervised_regression\1-Linear Regression\linear_regression\linear_regression.pyproj", "{A138D92B-E348-4FFD-8B16-4E61A285E031}"
EndProject
Project("{888888A0-9F3D-457C-B088-3A5042F75D52}") = "ransacregression", "..\2_supervised_regression\1-Linear Regression\ransacregression\ransacregression.pyproj", "{66F1A835-195C-4A2C-AEFB-CD4CD1CDC255}"
EndProject
Project("{888888A0-9F3D-457C-B088-3A5042F75D52}") = "k-means_python", "..\3_unsupervised_classification(clustering)\11-K-means\k-means_python\k-means_python.pyproj", "{552CFC45-E70C-4853-A72E-54694F0507E9}"
EndProject
Global
	GlobalSection(SolutionConfigurationPlatforms) = preSolution
		Debug|Any CPU = Debug|Any CPU
		Release|Any CPU = Release|Any CPU
	EndGlobalSection
	GlobalSection(ProjectConfigurationPlatforms) = postSolution
		{A138D92B-E348-4FFD-8B16-4E61A285E031}.Debug|Any CPU.ActiveCfg = Debug|Any CPU
		{A138D92B-E348-4FFD-8B16-4E61A285E031}.Release|Any CPU.ActiveCfg = Release|Any CPU
		{66F1A835-195C-4A2C-AEFB-CD4CD1CDC255}.Debug|Any CPU.ActiveCfg = Debug|Any CPU
		{66F1A835-195C-4A2C-AEFB-CD4CD1CDC255}.Release|Any CPU.ActiveCfg = Release|Any CPU
		{552CFC45-E70C-4853-A72E-54694F0507E9}.Debug|Any CPU.ActiveCfg = Debug|Any CPU
		{552CFC45-E70C-4853-A72E-54694F0507E9}.Release|Any CPU.ActiveCfg = Release|Any CPU
	EndGlobalSection
	GlobalSection(SolutionProperties) = preSolution
		HideSolutionNode = FALSE
	EndGlobalSection
EndGlobal
